
Microsoft Visual Studio Solution File, Format Version 12.00
Project("{FAE04EC0-301F-11D3-BF4B-00C04F79EFBC}") = "FizzBuzz", "FizzBuzz\FizzBuzz.csproj", "{29302B97-2EDE-41D1-B103-6840C5BB88E4}"
EndProject
Project("{FAE04EC0-301F-11D3-BF4B-00C04F79EFBC}") = "FizzBuzz.Tests", "FizzBuzz.Tests\FizzBuzz.Tests.csproj", "{8BEDAEF6-E000-4480-AB8A-8C970505E593}"
EndProject
Global
	GlobalSection(SolutionConfigurationPlatforms) = preSolution
		Debug|Any CPU = Debug|Any CPU
		Release|Any CPU = Release|Any CPU
	EndGlobalSection
	GlobalSection(ProjectConfigurationPlatforms) = postSolution
		{29302B97-2EDE-41D1-B103-6840C5BB88E4}.Debug|Any CPU.ActiveCfg = Debug|Any CPU
		{29302B97-2EDE-41D1-B103-6840C5BB88E4}.Debug|Any CPU.Build.0 = Debug|Any CPU
		{29302B97-2EDE-41D1-B103-6840C5BB88E4}.Release|Any CPU.ActiveCfg = Release|Any CPU
		{29302B97-2EDE-41D1-B103-6840C5BB88E4}.Release|Any CPU.Build.0 = Release|Any CPU
		{8BEDAEF6-E000-4480-AB8A-8C970505E593}.Debug|Any CPU.ActiveCfg = Debug|Any CPU
		{8BEDAEF6-E000-4480-AB8A-8C970505E593}.Debug|Any CPU.Build.0 = Debug|Any CPU
		{8BEDAEF6-E000-4480-AB8A-8C970505E593}.Release|Any CPU.ActiveCfg = Release|Any CPU
		{8BEDAEF6-E000-4480-AB8A-8C970505E593}.Release|Any CPU.Build.0 = Release|Any CPU
	EndGlobalSection
EndGlobal
